
Microsoft Visual Studio Solution File, Format Version 12.00
# Visual Studio 14
VisualStudioVersion = 14.0.25420.1
MinimumVisualStudioVersion = 10.0.40219.1
Project("{FAE04EC0-301F-11D3-BF4B-00C04F79EFBC}") = "M3C.Finance.BinanceSdk", "M3C.Finance.BinanceSdk\M3C.Finance.BinanceSdk.csproj", "{DF20FAE1-152C-4A43-8DC4-FEF95201F2DD}"
EndProject
Project("{FAE04EC0-301F-11D3-BF4B-00C04F79EFBC}") = "M3C.Finance.BinanceSdk.Tests", "M3C.Finance.BinanceSdk.Tests\M3C.Finance.BinanceSdk.Tests.csproj", "{68D494F3-9321-40AC-AE64-CD3BD0F5A85E}"
EndProject
Global
	GlobalSection(SolutionConfigurationPlatforms) = preSolution
		Debug|Any CPU = Debug|Any CPU
		Release|Any CPU = Release|Any CPU
	EndGlobalSection
	GlobalSection(ProjectConfigurationPlatforms) = postSolution
		{DF20FAE1-152C-4A43-8DC4-FEF95201F2DD}.Debug|Any CPU.ActiveCfg = Debug|Any CPU
		{DF20FAE1-152C-4A43-8DC4-FEF95201F2DD}.Debug|Any CPU.Build.0 = Debug|Any CPU
		{DF20FAE1-152C-4A43-8DC4-FEF95201F2DD}.Release|Any CPU.ActiveCfg = Release|Any CPU
		{DF20FAE1-152C-4A43-8DC4-FEF95201F2DD}.Release|Any CPU.Build.0 = Release|Any CPU
		{68D494F3-9321-40AC-AE64-CD3BD0F5A85E}.Debug|Any CPU.ActiveCfg = Debug|Any CPU
		{68D494F3-9321-40AC-AE64-CD3BD0F5A85E}.Debug|Any CPU.Build.0 = Debug|Any CPU
		{68D494F3-9321-40AC-AE64-CD3BD0F5A85E}.Release|Any CPU.ActiveCfg = Release|Any CPU
		{68D494F3-9321-40AC-AE64-CD3BD0F5A85E}.Release|Any CPU.Build.0 = Release|Any CPU
	EndGlobalSection
	GlobalSection(SolutionProperties) = preSolution
		HideSolutionNode = FALSE
	EndGlobalSection
EndGlobal
